
Microsoft Visual Studio Solution File, Format Version 12.00
# Visual Studio Version 17
VisualStudioVersion = 17.13.35919.96
MinimumVisualStudioVersion = 10.0.40219.1
Project("{FAE04EC0-301F-11D3-BF4B-00C04F79EFBC}") = "SistemaVentas.Client", "SistemaVentas.Client\SistemaVentas.Client.csproj", "{56E35DE2-5F8B-4739-B2E3-A0D8FD572A6A}"
EndProject
Global
	GlobalSection(SolutionConfigurationPlatforms) = preSolution
		Debug|Any CPU = Debug|Any CPU
		Release|Any CPU = Release|Any CPU
	EndGlobalSection
	GlobalSection(ProjectConfigurationPlatforms) = postSolution
		{56E35DE2-5F8B-4739-B2E3-A0D8FD572A6A}.Debug|Any CPU.ActiveCfg = Debug|Any CPU
		{56E35DE2-5F8B-4739-B2E3-A0D8FD572A6A}.Debug|Any CPU.Build.0 = Debug|Any CPU
		{56E35DE2-5F8B-4739-B2E3-A0D8FD572A6A}.Release|Any CPU.ActiveCfg = Release|Any CPU
		{56E35DE2-5F8B-4739-B2E3-A0D8FD572A6A}.Release|Any CPU.Build.0 = Release|Any CPU
	EndGlobalSection
	GlobalSection(SolutionProperties) = preSolution
		HideSolutionNode = FALSE
	EndGlobalSection
	GlobalSection(ExtensibilityGlobals) = postSolution
		SolutionGuid = {03A4CEAE-785B-47F2-A961-144875BB1543}
	EndGlobalSection
EndGlobal
